Microsoft Visual Studio Solution File, Format Version 12.00
# Visual Studio Version 17
VisualStudioVersion = 17.5.2.0
MinimumVisualStudioVersion = 10.0.40219.1
Project("{FAE04EC0-301F-11D3-BF4B-00C04F79EFBC}") = "CarbonWebAnalytics", "CarbonWebAnalytics.csproj", "{EE911EE2-EE76-9E49-A86E-1DD56007ADC0}"
EndProject
Global
	GlobalSection(SolutionConfigurationPlatforms) = preSolution
		Debug|Any CPU = Debug|Any CPU
		Release|Any CPU = Release|Any CPU
	EndGlobalSection
	GlobalSection(ProjectConfigurationPlatforms) = postSolution
		{EE911EE2-EE76-9E49-A86E-1DD56007ADC0}.Debug|Any CPU.ActiveCfg = Debug|Any CPU
		{EE911EE2-EE76-9E49-A86E-1DD56007ADC0}.Debug|Any CPU.Build.0 = Debug|Any CPU
		{EE911EE2-EE76-9E49-A86E-1DD56007ADC0}.Release|Any CPU.ActiveCfg = Release|Any CPU
		{EE911EE2-EE76-9E49-A86E-1DD56007ADC0}.Release|Any CPU.Build.0 = Release|Any CPU
	EndGlobalSection
	GlobalSection(SolutionProperties) = preSolution
		HideSolutionNode = FALSE
	EndGlobalSection
	GlobalSection(ExtensibilityGlobals) = postSolution
		SolutionGuid = {A022A56E-C140-42FD-9665-17F4A048C681}
	EndGlobalSection
EndGlobal
